
Microsoft Visual Studio Solution File, Format Version 12.00
# Visual Studio Version 16
VisualStudioVersion = 16.0.32002.261
MinimumVisualStudioVersion = 10.0.40219.1
Project("{FAE04EC0-301F-11D3-BF4B-00C04F79EFBC}") = "WebInventoryManagementSystem", "WebInventoryManagementSystem\WebInventoryManagementSystem.csproj", "{65716272-C864-412C-AFA2-F048BB9CEFC1}"
EndProject
Global
	GlobalSection(SolutionConfigurationPlatforms) = preSolution
		Debug|Any CPU = Debug|Any CPU
		Release|Any CPU = Release|Any CPU
	EndGlobalSection
	GlobalSection(ProjectConfigurationPlatforms) = postSolution
		{65716272-C864-412C-AFA2-F048BB9CEFC1}.Debug|Any CPU.ActiveCfg = Debug|Any CPU
		{65716272-C864-412C-AFA2-F048BB9CEFC1}.Debug|Any CPU.Build.0 = Debug|Any CPU
		{65716272-C864-412C-AFA2-F048BB9CEFC1}.Release|Any CPU.ActiveCfg = Release|Any CPU
		{65716272-C864-412C-AFA2-F048BB9CEFC1}.Release|Any CPU.Build.0 = Release|Any CPU
	EndGlobalSection
	GlobalSection(SolutionProperties) = preSolution
		HideSolutionNode = FALSE
	EndGlobalSection
	GlobalSection(ExtensibilityGlobals) = postSolution
		SolutionGuid = {088DD1A4-3086-485A-AECB-1578E795A443}
	EndGlobalSection
EndGlobal
